// !$*UTF8*$!
{
	archiveVersion = 1;
	classes = {
	};
	objectVersion = 50;
	objects = {

/* Begin PBXBuildFile section */
		A7F952C0211204DE00BFAD09 /* AppDelegate.m in Sources */ = {isa = PBXBuildFile; fileRef = A7F952BF211204DE00BFAD09 /* AppDelegate.m */; };
		A7F952C3211204DE00BFAD09 /* ViewController.m in Sources */ = {isa = PBXBuildFile; fileRef = A7F952C2211204DE00BFAD09 /* ViewController.m */; };
		A7F952C6211204DE00BFAD09 /* Main.storyboard in Resources */ = {isa = PBXBuildFile; fileRef = A7F952C4211204DE00BFAD09 /* Main.storyboard */; };
		A7F952C8211204E100BFAD09 /* Assets.xcassets in Resources */ = {isa = PBXBuildFile; fileRef = A7F952C7211204E100BFAD09 /* Assets.xcassets */; };
		A7F952CB211204E100BFAD09 /* LaunchScreen.storyboard in Resources */ = {isa = PBXBuildFile; fileRef = A7F952C9211204E100BFAD09 /* LaunchScreen.storyboard */; };
		A7F952CE211204E100BFAD09 /* main.m in Sources */ = {isa = PBXBuildFile; fileRef = A7F952CD211204E100BFAD09 /* main.m */; };
/* End PBXBuildFile section */

/* Begin PBXFileReference section */
		A7F952BB211204DE00BFAD09 /* BootlegCalc.app */ = {isa = PBXFileReference; explicitFileType = wrapper.application; includeInIndex = 0; path = BootlegCalc.app; sourceTree = BUILT_PRODUCTS_DIR; };
		A7F952BE211204DE00BFAD09 /* AppDelegate.h */ = {isa = PBXFileReference; lastKnownFileType = sourcecode.c.h; path = AppDelegate.h; sourceTree = "<group>"; };
		A7F952BF211204DE00BFAD09 /* AppDelegate.m */ = {isa = PBXFileReference; lastKnownFileType = sourcecode.c.objc; path = AppDelegate.m; sourceTree = "<group>"; };
		A7F952C1211204DE00BFAD09 /* ViewController.h */ = {isa = PBXFileReference; lastKnownFileType = sourcecode.c.h; path = ViewController.h; sourceTree = "<group>"; };
		A7F952C2211204DE00BFAD09 /* ViewController.m */ = {isa = PBXFileReference; lastKnownFileType = sourcecode.c.objc; path = ViewController.m; sourceTree = "<group>"; };
		A7F952C5211204DE00BFAD09 /* Base */ = {isa = PBXFileReference; lastKnownFileType = file.storyboard; name = Base; path = Base.lproj/Main.storyboard; sourceTree = "<group>"; };
		A7F952C7211204E100BFAD09 /* Assets.xcassets */ = {isa = PBXFileReference; lastKnownFileType = folder.assetcatalog; path = Assets.xcassets; sourceTree = "<group>"; };
		A7F952CA211204E100BFAD09 /* Base */ = {isa = PBXFileReference; lastKnownFileType = file.storyboard; name = Base; path = Base.lproj/LaunchScreen.storyboard; sourceTree = "<group>"; };
		A7F952CC211204E100BFAD09 /* Info.plist */ = {isa = PBXFileReference; lastKnownFileType = text.plist.xml; path = Info.plist; sourceTree = "<group>"; };
		A7F952CD211204E100BFAD09 /* main.m */ = {isa = PBXFileReference; lastKnownFileType = sourcecode.c.objc; path = main.m; sourceTree = "<group>"; };
/* End PBXFileReference section */

/* Begin PBXFrameworksBuildPhase section */
		A7F952B8211204DE00BFAD09 /* Frameworks */ = {
			isa = PBXFrameworksBuildPhase;
			buildActionMask = 2147483647;
			files = (
			);
			runOnlyForDeploymentPostprocessing = 0;
		};
/* End PBXFrameworksBuildPhase section */

/* Begin PBXGroup section */
		A7F952B2211204DE00BFAD09 = {
			isa = PBXGroup;
			children = (
				A7F952BD211204DE00BFAD09 /* BootlegCalc */,
				A7F952BC211204DE00BFAD09 /* Products */,
			);
			sourceTree = "<group>";
		};
		A7F952BC211204DE00BFAD09 /* Products */ = {
			isa = PBXGroup;
			children = (
				A7F952BB211204DE00BFAD09 /* BootlegCalc.app */,
			);
			name = Products;
			sourceTree = "<group>";
		};
		A7F952BD211204DE00BFAD09 /* BootlegCalc */ = {
			isa = PBXGroup;
			children = (
				A7F952BE211204DE00BFAD09 /* AppDelegate.h */,
				A7F952BF211204DE00BFAD09 /* AppDelegate.m */,
				A7F952C1211204DE00BFAD09 /* ViewController.h */,
				A7F952C2211204DE00BFAD09 /* ViewController.m */,
				A7F952C4211204DE00BFAD09 /* Main.storyboard */,
				A7F952C7211204E100BFAD09 /* Assets.xcassets */,
				A7F952C9211204E100BFAD09 /* LaunchScreen.storyboard */,
				A7F952CC211204E100BFAD09 /* Info.plist */,
				A7F952CD211204E100BFAD09 /* main.m */,
			);
			path = BootlegCalc;
			sourceTree = "<group>";
		};
/* End PBXGroup section */

/* Begin PBXNativeTarget section */
		A7F952BA211204DE00BFAD09 /* BootlegCalc */ = {
			isa = PBXNativeTarget;
			buildConfigurationList = A7F952D1211204E100BFAD09 /* Build configuration list for PBXNativeTarget "BootlegCalc" */;
			buildPhases = (
				A7F952B7211204DE00BFAD09 /* Sources */,
				A7F952B8211204DE00BFAD09 /* Frameworks */,
				A7F952B9211204DE00BFAD09 /* Resources */,
			);
			buildRules = (
			);
			dependencies = (
			);
			name = BootlegCalc;
			productName = BootlegCalc;
			productReference = A7F952BB211204DE00BFAD09 /* BootlegCalc.app */;
			productType = "com.apple.product-type.application";
		};
/* End PBXNativeTarget section */

/* Begin PBXProject section */
		A7F952B3211204DE00BFAD09 /* Project object */ = {
			isa = PBXProject;
			attributes = {
				LastUpgradeCheck = 0940;
				ORGANIZATIONNAME = tbeauch;
				TargetAttributes = {
					A7F952BA211204DE00BFAD09 = {
						CreatedOnToolsVersion = 9.4.1;
					};
				};
			};
			buildConfigurationList = A7F952B6211204DE00BFAD09 /* Build configuration list for PBXProject "BootlegCalc" */;
			compatibilityVersion = "Xcode 9.3";
			developmentRegion = en;
			hasScannedForEncodings = 0;
			knownRegions = (
				en,
				Base,
			);
			mainGroup = A7F952B2211204DE00BFAD09;
			productRefGroup = A7F952BC211204DE00BFAD09 /* Products */;
			projectDirPath = "";
			projectRoot = "";
			targets = (
				A7F952BA211204DE00BFAD09 /* BootlegCalc */,
			);
		};
/* End PBXProject section */

/* Begin PBXResourcesBuildPhase section */
		A7F952B9211204DE00BFAD09 /* Resources */ = {
			isa = PBXResourcesBuildPhase;
			buildActionMask = 2147483647;
			files = (
				A7F952CB211204E100BFAD09 /* LaunchScreen.storyboard in Resources */,
				A7F952C8211204E100BFAD09 /* Assets.xcassets in Resources */,
				A7F952C6211204DE00BFAD09 /* Main.storyboard in Resources */,
			);
			runOnlyForDeploymentPostprocessing = 0;
		};
/* End PBXResourcesBuildPhase section */

/* Begin PBXSourcesBuildPhase section */
		A7F952B7211204DE00BFAD09 /* Sources */ = {
			isa = PBXSourcesBuildPhase;
			buildActionMask = 2147483647;
			files = (
				A7F952C3211204DE00BFAD09 /* ViewController.m in Sources */,
				A7F952CE211204E100BFAD09 /* main.m in Sources */,
				A7F952C0211204DE00BFAD09 /* AppDelegate.m in Sources */,
			);
			runOnlyForDeploymentPostprocessing = 0;
		};
/* End PBXSourcesBuildPhase section */

/* Begin PBXVariantGroup section */
		A7F952C4211204DE00BFAD09 /* Main.storyboard */ = {
			isa = PBXVariantGroup;
			children = (
				A7F952C5211204DE00BFAD09 /* Base */,
			);
			name = Main.storyboard;
			sourceTree = "<group>";
		};
		A7F952C9211204E100BFAD09 /* LaunchScreen.storyboard */ = {
			isa = PBXVariantGroup;
			children = (
				A7F952CA211204E100BFAD09 /* Base */,
			);
			name = LaunchScreen.storyboard;
			sourceTree = "<group>";
		};
/* End PBXVariantGroup section */

/* Begin XCBuildConfiguration section */
		A7F952CF211204E100BFAD09 /* Debug */ = {
			isa = XCBuildConfiguration;
			buildSettings = {
				ALWAYS_SEARCH_USER_PATHS = NO;
				CLANG_ANALYZER_NONNULL = YES;
				CLANG_ANALYZER_NUMBER_OBJECT_CONVERSION = YES_AGGRESSIVE;
				CLANG_CXX_LANGUAGE_STANDARD = "gnu++14";
				CLANG_CXX_LIBRARY = "libc++";
				CLANG_ENABLE_MODULES = YES;
				CLANG_ENABLE_OBJC_ARC = YES;
				CLANG_ENABLE_OBJC_WEAK = YES;
				CLANG_WARN_BLOCK_CAPTURE_AUTORELEASING = YES;
				CLANG_WARN_BOOL_CONVERSION = YES;
				CLANG_WARN_COMMA = YES;
				CLANG_WARN_CONSTANT_CONVERSION = YES;
				CLANG_WARN_DEPRECATED_OBJC_IMPLEMENTATIONS = YES;
				CLANG_WARN_DIRECT_OBJC_ISA_USAGE = YES_ERROR;
				CLANG_WARN_DOCUMENTATION_COMMENTS = YES;
				CLANG_WARN_EMPTY_BODY = YES;
				CLANG_WARN_ENUM_CONVERSION = YES;
				CLANG_WARN_INFINITE_RECURSION = YES;
				CLANG_WARN_INT_CONVERSION = YES;
				CLANG_WARN_NON_LITERAL_NULL_CONVERSION = YES;
				CLANG_WARN_OBJC_IMPLICIT_RETAIN_SELF = YES;
				CLANG_WARN_OBJC_LITERAL_CONVERSION = YES;
				CLANG_WARN_OBJC_ROOT_CLASS = YES_ERROR;
				CLANG_WARN_RANGE_LOOP_ANALYSIS = YES;
				CLANG_WARN_STRICT_PROTOTYPES = YES;
				CLANG_WARN_SUSPICIOUS_MOVE = YES;
				CLANG_WARN_UNGUARDED_AVAILABILITY = YES_AGGRESSIVE;
				CLANG_WARN_UNREACHABLE_CODE = YES;
				CLANG_WARN__DUPLICATE_METHOD_MATCH = YES;
				CODE_SIGN_IDENTITY = "iPhone Developer";
				COPY_PHASE_STRIP = NO;
				DEBUG_INFORMATION_FORMAT = dwarf;
				ENABLE_STRICT_OBJC_MSGSEND = YES;
				ENABLE_TESTABILITY = YES;
				GCC_C_LANGUAGE_STANDARD = gnu11;
				GCC_DYNAMIC_NO_PIC = NO;
				GCC_NO_COMMON_BLOCKS = YES;
				GCC_OPTIMIZATION_LEVEL = 0;
				GCC_PREPROCESSOR_DEFINITIONS = (
					"DEBUG=1",
					"$(inherited)",
				);
				GCC_WARN_64_TO_32_BIT_CONVERSION = YES;
				GCC_WARN_ABOUT_RETURN_TYPE = YES_ERROR;
				GCC_WARN_UNDECLARED_SELECTOR = YES;
				GCC_WARN_UNINITIALIZED_AUTOS = YES_AGGRESSIVE;
				GCC_WARN_UNUSED_FUNCTION = YES;
				GCC_WARN_UNUSED_VARIABLE = YES;
				IPHONEOS_DEPLOYMENT_TARGET = 11.4;
				MTL_ENABLE_DEBUG_INFO = YES;
				ONLY_ACTIVE_ARCH = YES;
				SDKROOT = iphoneos;
			};
			name = Debug;
		};
		A7F952D0211204E100BFAD09 /* Release */ = {
			isa = XCBuildConfiguration;
			buildSettings = {
				ALWAYS_SEARCH_USER_PATHS = NO;
				CLANG_ANALYZER_NONNULL = YES;
				CLANG_ANALYZER_NUMBER_OBJECT_CONVERSION = YES_AGGRESSIVE;
				CLANG_CXX_LANGUAGE_STANDARD = "gnu++14";
				CLANG_CXX_LIBRARY = "libc++";
				CLANG_ENABLE_MODULES = YES;
				CLANG_ENABLE_OBJC_ARC = YES;
				CLANG_ENABLE_OBJC_WEAK = YES;
				CLANG_WARN_BLOCK_CAPTURE_AUTORELEASING = YES;
				CLANG_WARN_BOOL_CONVERSION = YES;
				CLANG_WARN_COMMA = YES;
				CLANG_WARN_CONSTANT_CONVERSION = YES;
				CLANG_WARN_DEPRECATED_OBJC_IMPLEMENTATIONS = YES;
				CLANG_WARN_DIRECT_OBJC_ISA_USAGE = YES_ERROR;
				CLANG_WARN_DOCUMENTATION_COMMENTS = YES;
				CLANG_WARN_EMPTY_BODY = YES;
				CLANG_WARN_ENUM_CONVERSION = YES;
				CLANG_WARN_INFINITE_RECURSION = YES;
				CLANG_WARN_INT_CONVERSION = YES;
				CLANG_WARN_NON_LITERAL_NULL_CONVERSION = YES;
				CLANG_WARN_OBJC_IMPLICIT_RETAIN_SELF = YES;
				CLANG_WARN_OBJC_LITERAL_CONVERSION = YES;
				CLANG_WARN_OBJC_ROOT_CLASS = YES_ERROR;
				CLANG_WARN_RANGE_LOOP_ANALYSIS = YES;
				CLANG_WARN_STRICT_PROTOTYPES = YES;
				CLANG_WARN_SUSPICIOUS_MOVE = YES;
				CLANG_WARN_UNGUARDED_AVAILABILITY = YES_AGGRESSIVE;
				CLANG_WARN_UNREACHABLE_CODE = YES;
				CLANG_WARN__DUPLICATE_METHOD_MATCH = YES;
				CODE_SIGN_IDENTITY = "iPhone Developer";
				COPY_PHASE_STRIP = NO;
				DEBUG_INFORMATION_FORMAT = "dwarf-with-dsym";
				ENABLE_NS_ASSERTIONS = NO;
				ENABLE_STRICT_OBJC_MSGSEND = YES;
				GCC_C_LANGUAGE_STANDARD = gnu11;
				GCC_NO_COMMON_BLOCKS = YES;
				GCC_WARN_64_TO_32_BIT_CONVERSION = YES;
				GCC_WARN_ABOUT_RETURN_TYPE = YES_ERROR;
				GCC_WARN_UNDECLARED_SELECTOR = YES;
				GCC_WARN_UNINITIALIZED_AUTOS = YES_AGGRESSIVE;
				GCC_WARN_UNUSED_FUNCTION = YES;
				GCC_WARN_UNUSED_VARIABLE = YES;
				IPHONEOS_DEPLOYMENT_TARGET = 11.4;
				MTL_ENABLE_DEBUG_INFO = NO;
				SDKROOT = iphoneos;
				VALIDATE_PRODUCT = YES;
			};
			name = Release;
		};
		A7F952D2211204E100BFAD09 /* Debug */ = {
			isa = XCBuildConfiguration;
			buildSettings = {
				ASSETCATALOG_COMPILER_APPICON_NAME = AppIcon;
				CODE_SIGN_STYLE = Automatic;
				DEVELOPMENT_TEAM = H2P6WJXLC3;
				INFOPLIST_FILE = BootlegCalc/Info.plist;
				LD_RUNPATH_SEARCH_PATHS = (
					"$(inherited)",
					"@executable_path/Frameworks",
				);
				PRODUCT_BUNDLE_IDENTIFIER = com.adobe.tester.BootlegCalc;
				PRODUCT_NAME = "$(TARGET_NAME)";
				TARGETED_DEVICE_FAMILY = "1,2";
			};
			name = Debug;
		};
		A7F952D3211204E100BFAD09 /* Release */ = {
			isa = XCBuildConfiguration;
			buildSettings = {
				ASSETCATALOG_COMPILER_APPICON_NAME = AppIcon;
				CODE_SIGN_STYLE = Automatic;
				DEVELOPMENT_TEAM = H2P6WJXLC3;
				INFOPLIST_FILE = BootlegCalc/Info.plist;
				LD_RUNPATH_SEARCH_PATHS = (
					"$(inherited)",
					"@executable_path/Frameworks",
				);
				PRODUCT_BUNDLE_IDENTIFIER = com.adobe.tester.BootlegCalc;
				PRODUCT_NAME = "$(TARGET_NAME)";
				TARGETED_DEVICE_FAMILY = "1,2";
			};
			name = Release;
		};
/* End XCBuildConfiguration section */

/* Begin XCConfigurationList section */
		A7F952B6211204DE00BFAD09 /* Build configuration list for PBXProject "BootlegCalc" */ = {
			isa = XCConfigurationList;
			buildConfigurations = (
				A7F952CF211204E100BFAD09 /* Debug */,
				A7F952D0211204E100BFAD09 /* Release */,
			);
			defaultConfigurationIsVisible = 0;
			defaultConfigurationName = Release;
		};
		A7F952D1211204E100BFAD09 /* Build configuration list for PBXNativeTarget "BootlegCalc" */ = {
			isa = XCConfigurationList;
			buildConfigurations = (
				A7F952D2211204E100BFAD09 /* Debug */,
				A7F952D3211204E100BFAD09 /* Release */,
			);
			defaultConfigurationIsVisible = 0;
			defaultConfigurationName = Release;
		};
/* End XCConfigurationList section */
	};
	rootObject = A7F952B3211204DE00BFAD09 /* Project object */;
}
